
Microsoft Visual Studio Solution File, Format Version 12.00
# Visual Studio Version 17
VisualStudioVersion = 17.0.31903.59
MinimumVisualStudioVersion = 10.0.40219.1
Project("{2150E333-8FDC-42A3-9474-1A3956D46DE8}") = "src", "src", "{827E0CD3-B72D-47B6-A68D-7590B98EB39B}"
EndProject
Project("{2150E333-8FDC-42A3-9474-1A3956D46DE8}") = "backend", "backend", "{FE360695-3F2B-1049-3887-35FBB5135923}"
EndProject
Project("{FAE04EC0-301F-11D3-BF4B-00C04F79EFBC}") = "Application", "src\backend\Application\Application.csproj", "{79845E5B-EBE0-43E4-89A2-D13231B99924}"
EndProject
Project("{FAE04EC0-301F-11D3-BF4B-00C04F79EFBC}") = "Domain", "src\backend\Domain\Domain.csproj", "{DA70859E-F0DD-473F-81D0-B3663ED10664}"
EndProject
Project("{FAE04EC0-301F-11D3-BF4B-00C04F79EFBC}") = "Infrastructure", "src\backend\Infrastructure\Infrastructure.csproj", "{5774B68C-4A58-4AAB-9A1A-34D034EDCB09}"
EndProject
Project("{FAE04EC0-301F-11D3-BF4B-00C04F79EFBC}") = "MainApp", "src\backend\MainApp\MainApp.csproj", "{4823DFD7-EF11-4C39-A65E-5EC8184A3E88}"
EndProject
Global
	GlobalSection(SolutionConfigurationPlatforms) = preSolution
		Debug|Any CPU = Debug|Any CPU
		Debug|x64 = Debug|x64
		Debug|x86 = Debug|x86
		Release|Any CPU = Release|Any CPU
		Release|x64 = Release|x64
		Release|x86 = Release|x86
	EndGlobalSection
	GlobalSection(ProjectConfigurationPlatforms) = postSolution
		{79845E5B-EBE0-43E4-89A2-D13231B99924}.Debug|Any CPU.ActiveCfg = Debug|Any CPU
		{79845E5B-EBE0-43E4-89A2-D13231B99924}.Debug|Any CPU.Build.0 = Debug|Any CPU
		{79845E5B-EBE0-43E4-89A2-D13231B99924}.Debug|x64.ActiveCfg = Debug|Any CPU
		{79845E5B-EBE0-43E4-89A2-D13231B99924}.Debug|x64.Build.0 = Debug|Any CPU
		{79845E5B-EBE0-43E4-89A2-D13231B99924}.Debug|x86.ActiveCfg = Debug|Any CPU
		{79845E5B-EBE0-43E4-89A2-D13231B99924}.Debug|x86.Build.0 = Debug|Any CPU
		{79845E5B-EBE0-43E4-89A2-D13231B99924}.Release|Any CPU.ActiveCfg = Release|Any CPU
		{79845E5B-EBE0-43E4-89A2-D13231B99924}.Release|Any CPU.Build.0 = Release|Any CPU
		{79845E5B-EBE0-43E4-89A2-D13231B99924}.Release|x64.ActiveCfg = Release|Any CPU
		{79845E5B-EBE0-43E4-89A2-D13231B99924}.Release|x64.Build.0 = Release|Any CPU
		{79845E5B-EBE0-43E4-89A2-D13231B99924}.Release|x86.ActiveCfg = Release|Any CPU
		{79845E5B-EBE0-43E4-89A2-D13231B99924}.Release|x86.Build.0 = Release|Any CPU
		{DA70859E-F0DD-473F-81D0-B3663ED10664}.Debug|Any CPU.ActiveCfg = Debug|Any CPU
		{DA70859E-F0DD-473F-81D0-B3663ED10664}.Debug|Any CPU.Build.0 = Debug|Any CPU
		{DA70859E-F0DD-473F-81D0-B3663ED10664}.Debug|x64.ActiveCfg = Debug|Any CPU
		{DA70859E-F0DD-473F-81D0-B3663ED10664}.Debug|x64.Build.0 = Debug|Any CPU
		{DA70859E-F0DD-473F-81D0-B3663ED10664}.Debug|x86.ActiveCfg = Debug|Any CPU
		{DA70859E-F0DD-473F-81D0-B3663ED10664}.Debug|x86.Build.0 = Debug|Any CPU
		{DA70859E-F0DD-473F-81D0-B3663ED10664}.Release|Any CPU.ActiveCfg = Release|Any CPU
		{DA70859E-F0DD-473F-81D0-B3663ED10664}.Release|Any CPU.Build.0 = Release|Any CPU
		{DA70859E-F0DD-473F-81D0-B3663ED10664}.Release|x64.ActiveCfg = Release|Any CPU
		{DA70859E-F0DD-473F-81D0-B3663ED10664}.Release|x64.Build.0 = Release|Any CPU
		{DA70859E-F0DD-473F-81D0-B3663ED10664}.Release|x86.ActiveCfg = Release|Any CPU
		{DA70859E-F0DD-473F-81D0-B3663ED10664}.Release|x86.Build.0 = Release|Any CPU
		{5774B68C-4A58-4AAB-9A1A-34D034EDCB09}.Debug|Any CPU.ActiveCfg = Debug|Any CPU
		{5774B68C-4A58-4AAB-9A1A-34D034EDCB09}.Debug|Any CPU.Build.0 = Debug|Any CPU
		{5774B68C-4A58-4AAB-9A1A-34D034EDCB09}.Debug|x64.ActiveCfg = Debug|Any CPU
		{5774B68C-4A58-4AAB-9A1A-34D034EDCB09}.Debug|x64.Build.0 = Debug|Any CPU
		{5774B68C-4A58-4AAB-9A1A-34D034EDCB09}.Debug|x86.ActiveCfg = Debug|Any CPU
		{5774B68C-4A58-4AAB-9A1A-34D034EDCB09}.Debug|x86.Build.0 = Debug|Any CPU
		{5774B68C-4A58-4AAB-9A1A-34D034EDCB09}.Release|Any CPU.ActiveCfg = Release|Any CPU
		{5774B68C-4A58-4AAB-9A1A-34D034EDCB09}.Release|Any CPU.Build.0 = Release|Any CPU
		{5774B68C-4A58-4AAB-9A1A-34D034EDCB09}.Release|x64.ActiveCfg = Release|Any CPU
		{5774B68C-4A58-4AAB-9A1A-34D034EDCB09}.Release|x64.Build.0 = Release|Any CPU
		{5774B68C-4A58-4AAB-9A1A-34D034EDCB09}.Release|x86.ActiveCfg = Release|Any CPU
		{5774B68C-4A58-4AAB-9A1A-34D034EDCB09}.Release|x86.Build.0 = Release|Any CPU
		{4823DFD7-EF11-4C39-A65E-5EC8184A3E88}.Debug|Any CPU.ActiveCfg = Debug|Any CPU
		{4823DFD7-EF11-4C39-A65E-5EC8184A3E88}.Debug|Any CPU.Build.0 = Debug|Any CPU
		{4823DFD7-EF11-4C39-A65E-5EC8184A3E88}.Debug|x64.ActiveCfg = Debug|Any CPU
		{4823DFD7-EF11-4C39-A65E-5EC8184A3E88}.Debug|x64.Build.0 = Debug|Any CPU
		{4823DFD7-EF11-4C39-A65E-5EC8184A3E88}.Debug|x86.ActiveCfg = Debug|Any CPU
		{4823DFD7-EF11-4C39-A65E-5EC8184A3E88}.Debug|x86.Build.0 = Debug|Any CPU
		{4823DFD7-EF11-4C39-A65E-5EC8184A3E88}.Release|Any CPU.ActiveCfg = Release|Any CPU
		{4823DFD7-EF11-4C39-A65E-5EC8184A3E88}.Release|Any CPU.Build.0 = Release|Any CPU
		{4823DFD7-EF11-4C39-A65E-5EC8184A3E88}.Release|x64.ActiveCfg = Release|Any CPU
		{4823DFD7-EF11-4C39-A65E-5EC8184A3E88}.Release|x64.Build.0 = Release|Any CPU
		{4823DFD7-EF11-4C39-A65E-5EC8184A3E88}.Release|x86.ActiveCfg = Release|Any CPU
		{4823DFD7-EF11-4C39-A65E-5EC8184A3E88}.Release|x86.Build.0 = Release|Any CPU
	EndGlobalSection
	GlobalSection(SolutionProperties) = preSolution
		HideSolutionNode = FALSE
	EndGlobalSection
	GlobalSection(NestedProjects) = preSolution
		{FE360695-3F2B-1049-3887-35FBB5135923} = {827E0CD3-B72D-47B6-A68D-7590B98EB39B}
		{79845E5B-EBE0-43E4-89A2-D13231B99924} = {FE360695-3F2B-1049-3887-35FBB5135923}
		{DA70859E-F0DD-473F-81D0-B3663ED10664} = {FE360695-3F2B-1049-3887-35FBB5135923}
		{5774B68C-4A58-4AAB-9A1A-34D034EDCB09} = {FE360695-3F2B-1049-3887-35FBB5135923}
		{4823DFD7-EF11-4C39-A65E-5EC8184A3E88} = {FE360695-3F2B-1049-3887-35FBB5135923}
	EndGlobalSection
EndGlobal
